// !$*UTF8*$!
{
	archiveVersion = 1;
	classes = {
	};
	objectVersion = 56;
	objects = {

/* Begin PBXBuildFile section */
		C70DF50C2A7567630059C2F8 /* CenimaticsApp.swift in Sources */ = {isa = PBXBuildFile; fileRef = C70DF50B2A7567630059C2F8 /* CenimaticsApp.swift */; };
		C70DF50E2A7567630059C2F8 /* MoviesView.swift in Sources */ = {isa = PBXBuildFile; fileRef = C70DF50D2A7567630059C2F8 /* MoviesView.swift */; };
		C70DF5102A7567650059C2F8 /* Assets.xcassets in Resources */ = {isa = PBXBuildFile; fileRef = C70DF50F2A7567650059C2F8 /* Assets.xcassets */; };
		C70DF5132A7567650059C2F8 /* Preview Assets.xcassets in Resources */ = {isa = PBXBuildFile; fileRef = C70DF5122A7567650059C2F8 /* Preview Assets.xcassets */; };
		C70DF51D2A7567650059C2F8 /* CenimaticsTests.swift in Sources */ = {isa = PBXBuildFile; fileRef = C70DF51C2A7567650059C2F8 /* CenimaticsTests.swift */; };
		C70DF5272A7567650059C2F8 /* CenimaticsUITests.swift in Sources */ = {isa = PBXBuildFile; fileRef = C70DF5262A7567650059C2F8 /* CenimaticsUITests.swift */; };
		C70DF5292A7567650059C2F8 /* CenimaticsUITestsLaunchTests.swift in Sources */ = {isa = PBXBuildFile; fileRef = C70DF5282A7567650059C2F8 /* CenimaticsUITestsLaunchTests.swift */; };
		C70DF5382A7568A60059C2F8 /* Netwroking.swift in Sources */ = {isa = PBXBuildFile; fileRef = C70DF5372A7568A60059C2F8 /* Netwroking.swift */; };
		C70DF53A2A7568AD0059C2F8 /* Models.swift in Sources */ = {isa = PBXBuildFile; fileRef = C70DF5392A7568AD0059C2F8 /* Models.swift */; };
		C70DF53D2A7591C40059C2F8 /* MoviesViewModel.swift in Sources */ = {isa = PBXBuildFile; fileRef = C70DF53C2A7591C40059C2F8 /* MoviesViewModel.swift */; };
/* End PBXBuildFile section */

/* Begin PBXContainerItemProxy section */
		C70DF5192A7567650059C2F8 /* PBXContainerItemProxy */ = {
			isa = PBXContainerItemProxy;
			containerPortal = C70DF5002A7567630059C2F8 /* Project object */;
			proxyType = 1;
			remoteGlobalIDString = C70DF5072A7567630059C2F8;
			remoteInfo = Cenimatics;
		};
		C70DF5232A7567650059C2F8 /* PBXContainerItemProxy */ = {
			isa = PBXContainerItemProxy;
			containerPortal = C70DF5002A7567630059C2F8 /* Project object */;
			proxyType = 1;
			remoteGlobalIDString = C70DF5072A7567630059C2F8;
			remoteInfo = Cenimatics;
		};
/* End PBXContainerItemProxy section */

/* Begin PBXFileReference section */
		C70DF5082A7567630059C2F8 /* Cenimatics.app */ = {isa = PBXFileReference; explicitFileType = wrapper.application; includeInIndex = 0; path = Cenimatics.app; sourceTree = BUILT_PRODUCTS_DIR; };
		C70DF50B2A7567630059C2F8 /* CenimaticsApp.swift */ = {isa = PBXFileReference; lastKnownFileType = sourcecode.swift; path = CenimaticsApp.swift; sourceTree = "<group>"; };
		C70DF50D2A7567630059C2F8 /* MoviesView.swift */ = {isa = PBXFileReference; lastKnownFileType = sourcecode.swift; path = MoviesView.swift; sourceTree = "<group>"; };
		C70DF50F2A7567650059C2F8 /* Assets.xcassets */ = {isa = PBXFileReference; lastKnownFileType = folder.assetcatalog; path = Assets.xcassets; sourceTree = "<group>"; };
		C70DF5122A7567650059C2F8 /* Preview Assets.xcassets */ = {isa = PBXFileReference; lastKnownFileType = folder.assetcatalog; path = "Preview Assets.xcassets"; sourceTree = "<group>"; };
		C70DF5182A7567650059C2F8 /* CenimaticsTests.xctest */ = {isa = PBXFileReference; explicitFileType = wrapper.cfbundle; includeInIndex = 0; path = CenimaticsTests.xctest; sourceTree = BUILT_PRODUCTS_DIR; };
		C70DF51C2A7567650059C2F8 /* CenimaticsTests.swift */ = {isa = PBXFileReference; lastKnownFileType = sourcecode.swift; path = CenimaticsTests.swift; sourceTree = "<group>"; };
		C70DF5222A7567650059C2F8 /* CenimaticsUITests.xctest */ = {isa = PBXFileReference; explicitFileType = wrapper.cfbundle; includeInIndex = 0; path = CenimaticsUITests.xctest; sourceTree = BUILT_PRODUCTS_DIR; };
		C70DF5262A7567650059C2F8 /* CenimaticsUITests.swift */ = {isa = PBXFileReference; lastKnownFileType = sourcecode.swift; path = CenimaticsUITests.swift; sourceTree = "<group>"; };
		C70DF5282A7567650059C2F8 /* CenimaticsUITestsLaunchTests.swift */ = {isa = PBXFileReference; lastKnownFileType = sourcecode.swift; path = CenimaticsUITestsLaunchTests.swift; sourceTree = "<group>"; };
		C70DF5372A7568A60059C2F8 /* Netwroking.swift */ = {isa = PBXFileReference; lastKnownFileType = sourcecode.swift; path = Netwroking.swift; sourceTree = "<group>"; };
		C70DF5392A7568AD0059C2F8 /* Models.swift */ = {isa = PBXFileReference; lastKnownFileType = sourcecode.swift; path = Models.swift; sourceTree = "<group>"; };
		C70DF53C2A7591C40059C2F8 /* MoviesViewModel.swift */ = {isa = PBXFileReference; lastKnownFileType = sourcecode.swift; path = MoviesViewModel.swift; sourceTree = "<group>"; };
/* End PBXFileReference section */

/* Begin PBXFrameworksBuildPhase section */
		C70DF5052A7567630059C2F8 /* Frameworks */ = {
			isa = PBXFrameworksBuildPhase;
			buildActionMask = 2147483647;
			files = (
			);
			runOnlyForDeploymentPostprocessing = 0;
		};
		C70DF5152A7567650059C2F8 /* Frameworks */ = {
			isa = PBXFrameworksBuildPhase;
			buildActionMask = 2147483647;
			files = (
			);
			runOnlyForDeploymentPostprocessing = 0;
		};
		C70DF51F2A7567650059C2F8 /* Frameworks */ = {
			isa = PBXFrameworksBuildPhase;
			buildActionMask = 2147483647;
			files = (
			);
			runOnlyForDeploymentPostprocessing = 0;
		};
/* End PBXFrameworksBuildPhase section */

/* Begin PBXGroup section */
		C70DF4FF2A7567630059C2F8 = {
			isa = PBXGroup;
			children = (
				C70DF50A2A7567630059C2F8 /* Cenimatics */,
				C70DF51B2A7567650059C2F8 /* CenimaticsTests */,
				C70DF5252A7567650059C2F8 /* CenimaticsUITests */,
				C70DF5092A7567630059C2F8 /* Products */,
			);
			sourceTree = "<group>";
		};
		C70DF5092A7567630059C2F8 /* Products */ = {
			isa = PBXGroup;
			children = (
				C70DF5082A7567630059C2F8 /* Cenimatics.app */,
				C70DF5182A7567650059C2F8 /* CenimaticsTests.xctest */,
				C70DF5222A7567650059C2F8 /* CenimaticsUITests.xctest */,
			);
			name = Products;
			sourceTree = "<group>";
		};
		C70DF50A2A7567630059C2F8 /* Cenimatics */ = {
			isa = PBXGroup;
			children = (
				C70DF53B2A7590AF0059C2F8 /* Scenes */,
				C70DF5362A7568760059C2F8 /* Network Layer */,
				C70DF50B2A7567630059C2F8 /* CenimaticsApp.swift */,
				C70DF50F2A7567650059C2F8 /* Assets.xcassets */,
				C70DF5112A7567650059C2F8 /* Preview Content */,
			);
			path = Cenimatics;
			sourceTree = "<group>";
		};
		C70DF5112A7567650059C2F8 /* Preview Content */ = {
			isa = PBXGroup;
			children = (
				C70DF5122A7567650059C2F8 /* Preview Assets.xcassets */,
			);
			path = "Preview Content";
			sourceTree = "<group>";
		};
		C70DF51B2A7567650059C2F8 /* CenimaticsTests */ = {
			isa = PBXGroup;
			children = (
				C70DF51C2A7567650059C2F8 /* CenimaticsTests.swift */,
			);
			path = CenimaticsTests;
			sourceTree = "<group>";
		};
		C70DF5252A7567650059C2F8 /* CenimaticsUITests */ = {
			isa = PBXGroup;
			children = (
				C70DF5262A7567650059C2F8 /* CenimaticsUITests.swift */,
				C70DF5282A7567650059C2F8 /* CenimaticsUITestsLaunchTests.swift */,
			);
			path = CenimaticsUITests;
			sourceTree = "<group>";
		};
		C70DF5362A7568760059C2F8 /* Network Layer */ = {
			isa = PBXGroup;
			children = (
				C70DF5372A7568A60059C2F8 /* Netwroking.swift */,
				C70DF5392A7568AD0059C2F8 /* Models.swift */,
			);
			path = "Network Layer";
			sourceTree = "<group>";
		};
		C70DF53B2A7590AF0059C2F8 /* Scenes */ = {
			isa = PBXGroup;
			children = (
				C70DF53C2A7591C40059C2F8 /* MoviesViewModel.swift */,
				C70DF50D2A7567630059C2F8 /* MoviesView.swift */,
			);
			path = Scenes;
			sourceTree = "<group>";
		};
/* End PBXGroup section */

/* Begin PBXNativeTarget section */
		C70DF5072A7567630059C2F8 /* Cenimatics */ = {
			isa = PBXNativeTarget;
			buildConfigurationList = C70DF52C2A7567650059C2F8 /* Build configuration list for PBXNativeTarget "Cenimatics" */;
			buildPhases = (
				C70DF5042A7567630059C2F8 /* Sources */,
				C70DF5052A7567630059C2F8 /* Frameworks */,
				C70DF5062A7567630059C2F8 /* Resources */,
			);
			buildRules = (
			);
			dependencies = (
			);
			name = Cenimatics;
			productName = Cenimatics;
			productReference = C70DF5082A7567630059C2F8 /* Cenimatics.app */;
			productType = "com.apple.product-type.application";
		};
		C70DF5172A7567650059C2F8 /* CenimaticsTests */ = {
			isa = PBXNativeTarget;
			buildConfigurationList = C70DF52F2A7567650059C2F8 /* Build configuration list for PBXNativeTarget "CenimaticsTests" */;
			buildPhases = (
				C70DF5142A7567650059C2F8 /* Sources */,
				C70DF5152A7567650059C2F8 /* Frameworks */,
				C70DF5162A7567650059C2F8 /* Resources */,
			);
			buildRules = (
			);
			dependencies = (
				C70DF51A2A7567650059C2F8 /* PBXTargetDependency */,
			);
			name = CenimaticsTests;
			productName = CenimaticsTests;
			productReference = C70DF5182A7567650059C2F8 /* CenimaticsTests.xctest */;
			productType = "com.apple.product-type.bundle.unit-test";
		};
		C70DF5212A7567650059C2F8 /* CenimaticsUITests */ = {
			isa = PBXNativeTarget;
			buildConfigurationList = C70DF5322A7567650059C2F8 /* Build configuration list for PBXNativeTarget "CenimaticsUITests" */;
			buildPhases = (
				C70DF51E2A7567650059C2F8 /* Sources */,
				C70DF51F2A7567650059C2F8 /* Frameworks */,
				C70DF5202A7567650059C2F8 /* Resources */,
			);
			buildRules = (
			);
			dependencies = (
				C70DF5242A7567650059C2F8 /* PBXTargetDependency */,
			);
			name = CenimaticsUITests;
			productName = CenimaticsUITests;
			productReference = C70DF5222A7567650059C2F8 /* CenimaticsUITests.xctest */;
			productType = "com.apple.product-type.bundle.ui-testing";
		};
/* End PBXNativeTarget section */

/* Begin PBXProject section */
		C70DF5002A7567630059C2F8 /* Project object */ = {
			isa = PBXProject;
			attributes = {
				BuildIndependentTargetsInParallel = 1;
				LastSwiftUpdateCheck = 1420;
				LastUpgradeCheck = 1420;
				TargetAttributes = {
					C70DF5072A7567630059C2F8 = {
						CreatedOnToolsVersion = 14.2;
					};
					C70DF5172A7567650059C2F8 = {
						CreatedOnToolsVersion = 14.2;
						TestTargetID = C70DF5072A7567630059C2F8;
					};
					C70DF5212A7567650059C2F8 = {
						CreatedOnToolsVersion = 14.2;
						TestTargetID = C70DF5072A7567630059C2F8;
					};
				};
			};
			buildConfigurationList = C70DF5032A7567630059C2F8 /* Build configuration list for PBXProject "Cenimatics" */;
			compatibilityVersion = "Xcode 14.0";
			developmentRegion = en;
			hasScannedForEncodings = 0;
			knownRegions = (
				en,
				Base,
			);
			mainGroup = C70DF4FF2A7567630059C2F8;
			productRefGroup = C70DF5092A7567630059C2F8 /* Products */;
			projectDirPath = "";
			projectRoot = "";
			targets = (
				C70DF5072A7567630059C2F8 /* Cenimatics */,
				C70DF5172A7567650059C2F8 /* CenimaticsTests */,
				C70DF5212A7567650059C2F8 /* CenimaticsUITests */,
			);
		};
/* End PBXProject section */

/* Begin PBXResourcesBuildPhase section */
		C70DF5062A7567630059C2F8 /* Resources */ = {
			isa = PBXResourcesBuildPhase;
			buildActionMask = 2147483647;
			files = (
				C70DF5132A7567650059C2F8 /* Preview Assets.xcassets in Resources */,
				C70DF5102A7567650059C2F8 /* Assets.xcassets in Resources */,
			);
			runOnlyForDeploymentPostprocessing = 0;
		};
		C70DF5162A7567650059C2F8 /* Resources */ = {
			isa = PBXResourcesBuildPhase;
			buildActionMask = 2147483647;
			files = (
			);
			runOnlyForDeploymentPostprocessing = 0;
		};
		C70DF5202A7567650059C2F8 /* Resources */ = {
			isa = PBXResourcesBuildPhase;
			buildActionMask = 2147483647;
			files = (
			);
			runOnlyForDeploymentPostprocessing = 0;
		};
/* End PBXResourcesBuildPhase section */

/* Begin PBXSourcesBuildPhase section */
		C70DF5042A7567630059C2F8 /* Sources */ = {
			isa = PBXSourcesBuildPhase;
			buildActionMask = 2147483647;
			files = (
				C70DF50E2A7567630059C2F8 /* MoviesView.swift in Sources */,
				C70DF5382A7568A60059C2F8 /* Netwroking.swift in Sources */,
				C70DF50C2A7567630059C2F8 /* CenimaticsApp.swift in Sources */,
				C70DF53A2A7568AD0059C2F8 /* Models.swift in Sources */,
				C70DF53D2A7591C40059C2F8 /* MoviesViewModel.swift in Sources */,
			);
			runOnlyForDeploymentPostprocessing = 0;
		};
		C70DF5142A7567650059C2F8 /* Sources */ = {
			isa = PBXSourcesBuildPhase;
			buildActionMask = 2147483647;
			files = (
				C70DF51D2A7567650059C2F8 /* CenimaticsTests.swift in Sources */,
			);
			runOnlyForDeploymentPostprocessing = 0;
		};
		C70DF51E2A7567650059C2F8 /* Sources */ = {
			isa = PBXSourcesBuildPhase;
			buildActionMask = 2147483647;
			files = (
				C70DF5292A7567650059C2F8 /* CenimaticsUITestsLaunchTests.swift in Sources */,
				C70DF5272A7567650059C2F8 /* CenimaticsUITests.swift in Sources */,
			);
			runOnlyForDeploymentPostprocessing = 0;
		};
/* End PBXSourcesBuildPhase section */

/* Begin PBXTargetDependency section */
		C70DF51A2A7567650059C2F8 /* PBXTargetDependency */ = {
			isa = PBXTargetDependency;
			target = C70DF5072A7567630059C2F8 /* Cenimatics */;
			targetProxy = C70DF5192A7567650059C2F8 /* PBXContainerItemProxy */;
		};
		C70DF5242A7567650059C2F8 /* PBXTargetDependency */ = {
			isa = PBXTargetDependency;
			target = C70DF5072A7567630059C2F8 /* Cenimatics */;
			targetProxy = C70DF5232A7567650059C2F8 /* PBXContainerItemProxy */;
		};
/* End PBXTargetDependency section */

/* Begin XCBuildConfiguration section */
		C70DF52A2A7567650059C2F8 /* Debug */ = {
			isa = XCBuildConfiguration;
			buildSettings = {
				ALWAYS_SEARCH_USER_PATHS = NO;
				CLANG_ANALYZER_NONNULL = YES;
				CLANG_ANALYZER_NUMBER_OBJECT_CONVERSION = YES_AGGRESSIVE;
				CLANG_CXX_LANGUAGE_STANDARD = "gnu++20";
				CLANG_ENABLE_MODULES = YES;
				CLANG_ENABLE_OBJC_ARC = YES;
				CLANG_ENABLE_OBJC_WEAK = YES;
				CLANG_WARN_BLOCK_CAPTURE_AUTORELEASING = YES;
				CLANG_WARN_BOOL_CONVERSION = YES;
				CLANG_WARN_COMMA = YES;
				CLANG_WARN_CONSTANT_CONVERSION = YES;
				CLANG_WARN_DEPRECATED_OBJC_IMPLEMENTATIONS = YES;
				CLANG_WARN_DIRECT_OBJC_ISA_USAGE = YES_ERROR;
				CLANG_WARN_DOCUMENTATION_COMMENTS = YES;
				CLANG_WARN_EMPTY_BODY = YES;
				CLANG_WARN_ENUM_CONVERSION = YES;
				CLANG_WARN_INFINITE_RECURSION = YES;
				CLANG_WARN_INT_CONVERSION = YES;
				CLANG_WARN_NON_LITERAL_NULL_CONVERSION = YES;
				CLANG_WARN_OBJC_IMPLICIT_RETAIN_SELF = YES;
				CLANG_WARN_OBJC_LITERAL_CONVERSION = YES;
				CLANG_WARN_OBJC_ROOT_CLASS = YES_ERROR;
				CLANG_WARN_QUOTED_INCLUDE_IN_FRAMEWORK_HEADER = YES;
				CLANG_WARN_RANGE_LOOP_ANALYSIS = YES;
				CLANG_WARN_STRICT_PROTOTYPES = YES;
				CLANG_WARN_SUSPICIOUS_MOVE = YES;
				CLANG_WARN_UNGUARDED_AVAILABILITY = YES_AGGRESSIVE;
				CLANG_WARN_UNREACHABLE_CODE = YES;
				CLANG_WARN__DUPLICATE_METHOD_MATCH = YES;
				COPY_PHASE_STRIP = NO;
				DEBUG_INFORMATION_FORMAT = dwarf;
				ENABLE_STRICT_OBJC_MSGSEND = YES;
				ENABLE_TESTABILITY = YES;
				GCC_C_LANGUAGE_STANDARD = gnu11;
				GCC_DYNAMIC_NO_PIC = NO;
				GCC_NO_COMMON_BLOCKS = YES;
				GCC_OPTIMIZATION_LEVEL = 0;
				GCC_PREPROCESSOR_DEFINITIONS = (
					"DEBUG=1",
					"$(inherited)",
				);
				GCC_WARN_64_TO_32_BIT_CONVERSION = YES;
				GCC_WARN_ABOUT_RETURN_TYPE = YES_ERROR;
				GCC_WARN_UNDECLARED_SELECTOR = YES;
				GCC_WARN_UNINITIALIZED_AUTOS = YES_AGGRESSIVE;
				GCC_WARN_UNUSED_FUNCTION = YES;
				GCC_WARN_UNUSED_VARIABLE = YES;
				IPHONEOS_DEPLOYMENT_TARGET = 16.2;
				MTL_ENABLE_DEBUG_INFO = INCLUDE_SOURCE;
				MTL_FAST_MATH = YES;
				ONLY_ACTIVE_ARCH = YES;
				SDKROOT = iphoneos;
				SWIFT_ACTIVE_COMPILATION_CONDITIONS = DEBUG;
				SWIFT_OPTIMIZATION_LEVEL = "-Onone";
			};
			name = Debug;
		};
		C70DF52B2A7567650059C2F8 /* Release */ = {
			isa = XCBuildConfiguration;
			buildSettings = {
				ALWAYS_SEARCH_USER_PATHS = NO;
				CLANG_ANALYZER_NONNULL = YES;
				CLANG_ANALYZER_NUMBER_OBJECT_CONVERSION = YES_AGGRESSIVE;
				CLANG_CXX_LANGUAGE_STANDARD = "gnu++20";
				CLANG_ENABLE_MODULES = YES;
				CLANG_ENABLE_OBJC_ARC = YES;
				CLANG_ENABLE_OBJC_WEAK = YES;
				CLANG_WARN_BLOCK_CAPTURE_AUTORELEASING = YES;
				CLANG_WARN_BOOL_CONVERSION = YES;
				CLANG_WARN_COMMA = YES;
				CLANG_WARN_CONSTANT_CONVERSION = YES;
				CLANG_WARN_DEPRECATED_OBJC_IMPLEMENTATIONS = YES;
				CLANG_WARN_DIRECT_OBJC_ISA_USAGE = YES_ERROR;
				CLANG_WARN_DOCUMENTATION_COMMENTS = YES;
				CLANG_WARN_EMPTY_BODY = YES;
				CLANG_WARN_ENUM_CONVERSION = YES;
				CLANG_WARN_INFINITE_RECURSION = YES;
				CLANG_WARN_INT_CONVERSION = YES;
				CLANG_WARN_NON_LITERAL_NULL_CONVERSION = YES;
				CLANG_WARN_OBJC_IMPLICIT_RETAIN_SELF = YES;
				CLANG_WARN_OBJC_LITERAL_CONVERSION = YES;
				CLANG_WARN_OBJC_ROOT_CLASS = YES_ERROR;
				CLANG_WARN_QUOTED_INCLUDE_IN_FRAMEWORK_HEADER = YES;
				CLANG_WARN_RANGE_LOOP_ANALYSIS = YES;
				CLANG_WARN_STRICT_PROTOTYPES = YES;
				CLANG_WARN_SUSPICIOUS_MOVE = YES;
				CLANG_WARN_UNGUARDED_AVAILABILITY = YES_AGGRESSIVE;
				CLANG_WARN_UNREACHABLE_CODE = YES;
				CLANG_WARN__DUPLICATE_METHOD_MATCH = YES;
				COPY_PHASE_STRIP = NO;
				DEBUG_INFORMATION_FORMAT = "dwarf-with-dsym";
				ENABLE_NS_ASSERTIONS = NO;
				ENABLE_STRICT_OBJC_MSGSEND = YES;
				GCC_C_LANGUAGE_STANDARD = gnu11;
				GCC_NO_COMMON_BLOCKS = YES;
				GCC_WARN_64_TO_32_BIT_CONVERSION = YES;
				GCC_WARN_ABOUT_RETURN_TYPE = YES_ERROR;
				GCC_WARN_UNDECLARED_SELECTOR = YES;
				GCC_WARN_UNINITIALIZED_AUTOS = YES_AGGRESSIVE;
				GCC_WARN_UNUSED_FUNCTION = YES;
				GCC_WARN_UNUSED_VARIABLE = YES;
				IPHONEOS_DEPLOYMENT_TARGET = 16.2;
				MTL_ENABLE_DEBUG_INFO = NO;
				MTL_FAST_MATH = YES;
				SDKROOT = iphoneos;
				SWIFT_COMPILATION_MODE = wholemodule;
				SWIFT_OPTIMIZATION_LEVEL = "-O";
				VALIDATE_PRODUCT = YES;
			};
			name = Release;
		};
		C70DF52D2A7567650059C2F8 /* Debug */ = {
			isa = XCBuildConfiguration;
			buildSettings = {
				ASSETCATALOG_COMPILER_APPICON_NAME = AppIcon;
				ASSETCATALOG_COMPILER_GLOBAL_ACCENT_COLOR_NAME = AccentColor;
				CODE_SIGN_STYLE = Automatic;
				CURRENT_PROJECT_VERSION = 1;
				DEVELOPMENT_ASSET_PATHS = "\"Cenimatics/Preview Content\"";
				DEVELOPMENT_TEAM = 4YW9T3DJWD;
				ENABLE_PREVIEWS = YES;
				GENERATE_INFOPLIST_FILE = YES;
				INFOPLIST_KEY_UIApplicationSceneManifest_Generation = YES;
				INFOPLIST_KEY_UIApplicationSupportsIndirectInputEvents = YES;
				INFOPLIST_KEY_UILaunchScreen_Generation = YES;
				INFOPLIST_KEY_UISupportedInterfaceOrientations_iPad = "UIInterfaceOrientationPortrait UIInterfaceOrientationPortraitUpsideDown UIInterfaceOrientationLandscapeLeft UIInterfaceOrientationLandscapeRight";
				INFOPLIST_KEY_UISupportedInterfaceOrientations_iPhone = "UIInterfaceOrientationPortrait UIInterfaceOrientationLandscapeLeft UIInterfaceOrientationLandscapeRight";
				IPHONEOS_DEPLOYMENT_TARGET = 15.5;
				LD_RUNPATH_SEARCH_PATHS = (
					"$(inherited)",
					"@executable_path/Frameworks",
				);
				MARKETING_VERSION = 1.0;
				PRODUCT_BUNDLE_IDENTIFIER = "Omar-Radwan.Cenimatics";
				PRODUCT_NAME = "$(TARGET_NAME)";
				SWIFT_EMIT_LOC_STRINGS = YES;
				SWIFT_VERSION = 5.0;
				TARGETED_DEVICE_FAMILY = "1,2";
			};
			name = Debug;
		};
		C70DF52E2A7567650059C2F8 /* Release */ = {
			isa = XCBuildConfiguration;
			buildSettings = {
				ASSETCATALOG_COMPILER_APPICON_NAME = AppIcon;
				ASSETCATALOG_COMPILER_GLOBAL_ACCENT_COLOR_NAME = AccentColor;
				CODE_SIGN_STYLE = Automatic;
				CURRENT_PROJECT_VERSION = 1;
				DEVELOPMENT_ASSET_PATHS = "\"Cenimatics/Preview Content\"";
				DEVELOPMENT_TEAM = 4YW9T3DJWD;
				ENABLE_PREVIEWS = YES;
				GENERATE_INFOPLIST_FILE = YES;
				INFOPLIST_KEY_UIApplicationSceneManifest_Generation = YES;
				INFOPLIST_KEY_UIApplicationSupportsIndirectInputEvents = YES;
				INFOPLIST_KEY_UILaunchScreen_Generation = YES;
				INFOPLIST_KEY_UISupportedInterfaceOrientations_iPad = "UIInterfaceOrientationPortrait UIInterfaceOrientationPortraitUpsideDown UIInterfaceOrientationLandscapeLeft UIInterfaceOrientationLandscapeRight";
				INFOPLIST_KEY_UISupportedInterfaceOrientations_iPhone = "UIInterfaceOrientationPortrait UIInterfaceOrientationLandscapeLeft UIInterfaceOrientationLandscapeRight";
				IPHONEOS_DEPLOYMENT_TARGET = 15.5;
				LD_RUNPATH_SEARCH_PATHS = (
					"$(inherited)",
					"@executable_path/Frameworks",
				);
				MARKETING_VERSION = 1.0;
				PRODUCT_BUNDLE_IDENTIFIER = "Omar-Radwan.Cenimatics";
				PRODUCT_NAME = "$(TARGET_NAME)";
				SWIFT_EMIT_LOC_STRINGS = YES;
				SWIFT_VERSION = 5.0;
				TARGETED_DEVICE_FAMILY = "1,2";
			};
			name = Release;
		};
		C70DF5302A7567650059C2F8 /* Debug */ = {
			isa = XCBuildConfiguration;
			buildSettings = {
				ALWAYS_EMBED_SWIFT_STANDARD_LIBRARIES = YES;
				BUNDLE_LOADER = "$(TEST_HOST)";
				CODE_SIGN_STYLE = Automatic;
				CURRENT_PROJECT_VERSION = 1;
				DEVELOPMENT_TEAM = 4YW9T3DJWD;
				GENERATE_INFOPLIST_FILE = YES;
				IPHONEOS_DEPLOYMENT_TARGET = 16.2;
				MARKETING_VERSION = 1.0;
				PRODUCT_BUNDLE_IDENTIFIER = "Omar-Radwan.CenimaticsTests";
				PRODUCT_NAME = "$(TARGET_NAME)";
				SWIFT_EMIT_LOC_STRINGS = NO;
				SWIFT_VERSION = 5.0;
				TARGETED_DEVICE_FAMILY = "1,2";
				TEST_HOST = "$(BUILT_PRODUCTS_DIR)/Cenimatics.app/$(BUNDLE_EXECUTABLE_FOLDER_PATH)/Cenimatics";
			};
			name = Debug;
		};
		C70DF5312A7567650059C2F8 /* Release */ = {
			isa = XCBuildConfiguration;
			buildSettings = {
				ALWAYS_EMBED_SWIFT_STANDARD_LIBRARIES = YES;
				BUNDLE_LOADER = "$(TEST_HOST)";
				CODE_SIGN_STYLE = Automatic;
				CURRENT_PROJECT_VERSION = 1;
				DEVELOPMENT_TEAM = 4YW9T3DJWD;
				GENERATE_INFOPLIST_FILE = YES;
				IPHONEOS_DEPLOYMENT_TARGET = 16.2;
				MARKETING_VERSION = 1.0;
				PRODUCT_BUNDLE_IDENTIFIER = "Omar-Radwan.CenimaticsTests";
				PRODUCT_NAME = "$(TARGET_NAME)";
				SWIFT_EMIT_LOC_STRINGS = NO;
				SWIFT_VERSION = 5.0;
				TARGETED_DEVICE_FAMILY = "1,2";
				TEST_HOST = "$(BUILT_PRODUCTS_DIR)/Cenimatics.app/$(BUNDLE_EXECUTABLE_FOLDER_PATH)/Cenimatics";
			};
			name = Release;
		};
		C70DF5332A7567650059C2F8 /* Debug */ = {
			isa = XCBuildConfiguration;
			buildSettings = {
				ALWAYS_EMBED_SWIFT_STANDARD_LIBRARIES = YES;
				CODE_SIGN_STYLE = Automatic;
				CURRENT_PROJECT_VERSION = 1;
				DEVELOPMENT_TEAM = 4YW9T3DJWD;
				GENERATE_INFOPLIST_FILE = YES;
				MARKETING_VERSION = 1.0;
				PRODUCT_BUNDLE_IDENTIFIER = "Omar-Radwan.CenimaticsUITests";
				PRODUCT_NAME = "$(TARGET_NAME)";
				SWIFT_EMIT_LOC_STRINGS = NO;
				SWIFT_VERSION = 5.0;
				TARGETED_DEVICE_FAMILY = "1,2";
				TEST_TARGET_NAME = Cenimatics;
			};
			name = Debug;
		};
		C70DF5342A7567650059C2F8 /* Release */ = {
			isa = XCBuildConfiguration;
			buildSettings = {
				ALWAYS_EMBED_SWIFT_STANDARD_LIBRARIES = YES;
				CODE_SIGN_STYLE = Automatic;
				CURRENT_PROJECT_VERSION = 1;
				DEVELOPMENT_TEAM = 4YW9T3DJWD;
				GENERATE_INFOPLIST_FILE = YES;
				MARKETING_VERSION = 1.0;
				PRODUCT_BUNDLE_IDENTIFIER = "Omar-Radwan.CenimaticsUITests";
				PRODUCT_NAME = "$(TARGET_NAME)";
				SWIFT_EMIT_LOC_STRINGS = NO;
				SWIFT_VERSION = 5.0;
				TARGETED_DEVICE_FAMILY = "1,2";
				TEST_TARGET_NAME = Cenimatics;
			};
			name = Release;
		};
/* End XCBuildConfiguration section */

/* Begin XCConfigurationList section */
		C70DF5032A7567630059C2F8 /* Build configuration list for PBXProject "Cenimatics" */ = {
			isa = XCConfigurationList;
			buildConfigurations = (
				C70DF52A2A7567650059C2F8 /* Debug */,
				C70DF52B2A7567650059C2F8 /* Release */,
			);
			defaultConfigurationIsVisible = 0;
			defaultConfigurationName = Release;
		};
		C70DF52C2A7567650059C2F8 /* Build configuration list for PBXNativeTarget "Cenimatics" */ = {
			isa = XCConfigurationList;
			buildConfigurations = (
				C70DF52D2A7567650059C2F8 /* Debug */,
				C70DF52E2A7567650059C2F8 /* Release */,
			);
			defaultConfigurationIsVisible = 0;
			defaultConfigurationName = Release;
		};
		C70DF52F2A7567650059C2F8 /* Build configuration list for PBXNativeTarget "CenimaticsTests" */ = {
			isa = XCConfigurationList;
			buildConfigurations = (
				C70DF5302A7567650059C2F8 /* Debug */,
				C70DF5312A7567650059C2F8 /* Release */,
			);
			defaultConfigurationIsVisible = 0;
			defaultConfigurationName = Release;
		};
		C70DF5322A7567650059C2F8 /* Build configuration list for PBXNativeTarget "CenimaticsUITests" */ = {
			isa = XCConfigurationList;
			buildConfigurations = (
				C70DF5332A7567650059C2F8 /* Debug */,
				C70DF5342A7567650059C2F8 /* Release */,
			);
			defaultConfigurationIsVisible = 0;
			defaultConfigurationName = Release;
		};
/* End XCConfigurationList section */
	};
	rootObject = C70DF5002A7567630059C2F8 /* Project object */;
}
